
Microsoft Visual Studio Solution File, Format Version 12.00
# Visual Studio Version 17
VisualStudioVersion = 17.7.34009.444
MinimumVisualStudioVersion = 10.0.40219.1
Project("{FAE04EC0-301F-11D3-BF4B-00C04F79EFBC}") = "lab11", "lab11\lab11.csproj", "{43067FF0-DABB-45FF-9547-DFA6E378C117}"
EndProject
Global
	GlobalSection(SolutionConfigurationPlatforms) = preSolution
		Debug|Any CPU = Debug|Any CPU
		Release|Any CPU = Release|Any CPU
	EndGlobalSection
	GlobalSection(ProjectConfigurationPlatforms) = postSolution
		{43067FF0-DABB-45FF-9547-DFA6E378C117}.Debug|Any CPU.ActiveCfg = Debug|Any CPU
		{43067FF0-DABB-45FF-9547-DFA6E378C117}.Debug|Any CPU.Build.0 = Debug|Any CPU
		{43067FF0-DABB-45FF-9547-DFA6E378C117}.Release|Any CPU.ActiveCfg = Release|Any CPU
		{43067FF0-DABB-45FF-9547-DFA6E378C117}.Release|Any CPU.Build.0 = Release|Any CPU
	EndGlobalSection
	GlobalSection(SolutionProperties) = preSolution
		HideSolutionNode = FALSE
	EndGlobalSection
	GlobalSection(ExtensibilityGlobals) = postSolution
		SolutionGuid = {0CC5ECFB-195C-48D0-88D8-868AA437A6D1}
	EndGlobalSection
EndGlobal
