
Microsoft Visual Studio Solution File, Format Version 12.00
# Visual Studio Version 17
VisualStudioVersion = 17.7.34009.444
MinimumVisualStudioVersion = 10.0.40219.1
Project("{FAE04EC0-301F-11D3-BF4B-00C04F79EFBC}") = "lab6", "lab6\lab6.csproj", "{E16A008B-FE8A-4FA5-AEFB-0F2E9A4C5BE2}"
EndProject
Global
	GlobalSection(SolutionConfigurationPlatforms) = preSolution
		Debug|Any CPU = Debug|Any CPU
		Release|Any CPU = Release|Any CPU
	EndGlobalSection
	GlobalSection(ProjectConfigurationPlatforms) = postSolution
		{E16A008B-FE8A-4FA5-AEFB-0F2E9A4C5BE2}.Debug|Any CPU.ActiveCfg = Debug|Any CPU
		{E16A008B-FE8A-4FA5-AEFB-0F2E9A4C5BE2}.Debug|Any CPU.Build.0 = Debug|Any CPU
		{E16A008B-FE8A-4FA5-AEFB-0F2E9A4C5BE2}.Release|Any CPU.ActiveCfg = Release|Any CPU
		{E16A008B-FE8A-4FA5-AEFB-0F2E9A4C5BE2}.Release|Any CPU.Build.0 = Release|Any CPU
	EndGlobalSection
	GlobalSection(SolutionProperties) = preSolution
		HideSolutionNode = FALSE
	EndGlobalSection
	GlobalSection(ExtensibilityGlobals) = postSolution
		SolutionGuid = {4BD56AF1-C2DC-45C4-86A9-4270DA9F4E13}
	EndGlobalSection
EndGlobal
